Microsoft Visual Studio Solution File, Format Version 12.00
# Visual Studio Version 16
VisualStudioVersion = 16.0.30804.86
MinimumVisualStudioVersion = 10.0.40219.1
Project("{8BC9CEB8-8B4A-11D0-8D11-00A0C91BC942}") = "2. faster", "basics.vcxproj", "{1B482D44-6893-42E7-ADF6-E497E4FCE916}"
EndProject
Project("{8BC9CEB8-8B4A-11D0-8D11-00A0C91BC942}") = "1. basics", "faster.vcxproj", "{7A5AC625-9ABC-4421-B1C0-54C9AE2C5835}"
EndProject
Project("{8BC9CEB8-8B4A-11D0-8D11-00A0C91BC942}") = "3. quickbuild", "quickbuild.vcxproj", "{0F9844C8-01F7-44F4-BF75-5C4F021D03A7}"
EndProject
Project("{8BC9CEB8-8B4A-11D0-8D11-00A0C91BC942}") = "4. animation", "animation.vcxproj", "{B739E3D9-524A-49E8-9F77-67F52FF442AF}"
EndProject
Project("{8BC9CEB8-8B4A-11D0-8D11-00A0C91BC942}") = "5. toplevel", "toplevel.vcxproj", "{54CB63C2-633E-4A1F-B7E7-D9F76064A188}"
EndProject
Project("{8BC9CEB8-8B4A-11D0-8D11-00A0C91BC942}") = "6. alltogether", "alltogether.vcxproj", "{5C8696E8-53A9-49D7-AACA-AADA7BF242C9}"
EndProject
Project("{8BC9CEB8-8B4A-11D0-8D11-00A0C91BC942}") = "7. pretty", "pretty.vcxproj", "{810CF2C6-28E2-412F-B030-5A562044FDC5}"
EndProject
Project("{8BC9CEB8-8B4A-11D0-8D11-00A0C91BC942}") = "8. whitted", "whitted.vcxproj", "{4C726E6D-4521-4ED1-8BF8-208C9203E3C9}"
EndProject
Project("{8BC9CEB8-8B4A-11D0-8D11-00A0C91BC942}") = "9. gpgpu", "gpgpu.vcxproj", "{F81339BD-3D43-4B75-B050-095D09DCCE1D}"
EndProject
Project("{8BC9CEB8-8B4A-11D0-8D11-00A0C91BC942}") = "A. massive", "massive.vcxproj", "{78A58550-0D8F-470A-A66B-12E9075D4F9B}"
EndProject
Project("{8BC9CEB8-8B4A-11D0-8D11-00A0C91BC942}") = "B. beyond", "beyond.vcxproj", "{56CF2939-19CD-4308-8799-B0ADC0742665}"
EndProject
Global
	GlobalSection(SolutionConfigurationPlatforms) = preSolution
		Debug|x64 = Debug|x64
		Release|x64 = Release|x64
	EndGlobalSection
	GlobalSection(ProjectConfigurationPlatforms) = postSolution
		{1B482D44-6893-42E7-ADF6-E497E4FCE916}.Debug|x64.ActiveCfg = Debug|x64
		{1B482D44-6893-42E7-ADF6-E497E4FCE916}.Debug|x64.Build.0 = Debug|x64
		{1B482D44-6893-42E7-ADF6-E497E4FCE916}.Release|x64.ActiveCfg = Release|x64
		{1B482D44-6893-42E7-ADF6-E497E4FCE916}.Release|x64.Build.0 = Release|x64
		{7A5AC625-9ABC-4421-B1C0-54C9AE2C5835}.Debug|x64.ActiveCfg = Debug|x64
		{7A5AC625-9ABC-4421-B1C0-54C9AE2C5835}.Debug|x64.Build.0 = Debug|x64
		{7A5AC625-9ABC-4421-B1C0-54C9AE2C5835}.Release|x64.ActiveCfg = Release|x64
		{7A5AC625-9ABC-4421-B1C0-54C9AE2C5835}.Release|x64.Build.0 = Release|x64
		{0F9844C8-01F7-44F4-BF75-5C4F021D03A7}.Debug|x64.ActiveCfg = Debug|x64
		{0F9844C8-01F7-44F4-BF75-5C4F021D03A7}.Debug|x64.Build.0 = Debug|x64
		{0F9844C8-01F7-44F4-BF75-5C4F021D03A7}.Release|x64.ActiveCfg = Release|x64
		{0F9844C8-01F7-44F4-BF75-5C4F021D03A7}.Release|x64.Build.0 = Release|x64
		{B739E3D9-524A-49E8-9F77-67F52FF442AF}.Debug|x64.ActiveCfg = Debug|x64
		{B739E3D9-524A-49E8-9F77-67F52FF442AF}.Debug|x64.Build.0 = Debug|x64
		{B739E3D9-524A-49E8-9F77-67F52FF442AF}.Release|x64.ActiveCfg = Release|x64
		{B739E3D9-524A-49E8-9F77-67F52FF442AF}.Release|x64.Build.0 = Release|x64
		{54CB63C2-633E-4A1F-B7E7-D9F76064A188}.Debug|x64.ActiveCfg = Debug|x64
		{54CB63C2-633E-4A1F-B7E7-D9F76064A188}.Debug|x64.Build.0 = Debug|x64
		{54CB63C2-633E-4A1F-B7E7-D9F76064A188}.Release|x64.ActiveCfg = Release|x64
		{54CB63C2-633E-4A1F-B7E7-D9F76064A188}.Release|x64.Build.0 = Release|x64
		{5C8696E8-53A9-49D7-AACA-AADA7BF242C9}.Debug|x64.ActiveCfg = Debug|x64
		{5C8696E8-53A9-49D7-AACA-AADA7BF242C9}.Debug|x64.Build.0 = Debug|x64
		{5C8696E8-53A9-49D7-AACA-AADA7BF242C9}.Release|x64.ActiveCfg = Release|x64
		{5C8696E8-53A9-49D7-AACA-AADA7BF242C9}.Release|x64.Build.0 = Release|x64
		{810CF2C6-28E2-412F-B030-5A562044FDC5}.Debug|x64.ActiveCfg = Debug|x64
		{810CF2C6-28E2-412F-B030-5A562044FDC5}.Debug|x64.Build.0 = Debug|x64
		{810CF2C6-28E2-412F-B030-5A562044FDC5}.Release|x64.ActiveCfg = Release|x64
		{810CF2C6-28E2-412F-B030-5A562044FDC5}.Release|x64.Build.0 = Release|x64
		{4C726E6D-4521-4ED1-8BF8-208C9203E3C9}.Debug|x64.ActiveCfg = Debug|x64
		{4C726E6D-4521-4ED1-8BF8-208C9203E3C9}.Debug|x64.Build.0 = Debug|x64
		{4C726E6D-4521-4ED1-8BF8-208C9203E3C9}.Release|x64.ActiveCfg = Release|x64
		{4C726E6D-4521-4ED1-8BF8-208C9203E3C9}.Release|x64.Build.0 = Release|x64
		{F81339BD-3D43-4B75-B050-095D09DCCE1D}.Debug|x64.ActiveCfg = Debug|x64
		{F81339BD-3D43-4B75-B050-095D09DCCE1D}.Debug|x64.Build.0 = Debug|x64
		{F81339BD-3D43-4B75-B050-095D09DCCE1D}.Release|x64.ActiveCfg = Release|x64
		{F81339BD-3D43-4B75-B050-095D09DCCE1D}.Release|x64.Build.0 = Release|x64
		{78A58550-0D8F-470A-A66B-12E9075D4F9B}.Debug|x64.ActiveCfg = Debug|x64
		{78A58550-0D8F-470A-A66B-12E9075D4F9B}.Debug|x64.Build.0 = Debug|x64
		{78A58550-0D8F-470A-A66B-12E9075D4F9B}.Release|x64.ActiveCfg = Release|x64
		{78A58550-0D8F-470A-A66B-12E9075D4F9B}.Release|x64.Build.0 = Release|x64
		{56CF2939-19CD-4308-8799-B0ADC0742665}.Debug|x64.ActiveCfg = Debug|x64
		{56CF2939-19CD-4308-8799-B0ADC0742665}.Debug|x64.Build.0 = Debug|x64
		{56CF2939-19CD-4308-8799-B0ADC0742665}.Release|x64.ActiveCfg = Release|x64
		{56CF2939-19CD-4308-8799-B0ADC0742665}.Release|x64.Build.0 = Release|x64
	EndGlobalSection
	GlobalSection(SolutionProperties) = preSolution
		HideSolutionNode = FALSE
	EndGlobalSection
	GlobalSection(ExtensibilityGlobals) = postSolution
		SolutionGuid = {3527574C-6732-4C93-958B-A83270BFC935}
	EndGlobalSection
EndGlobal
